
Microsoft Visual Studio Solution File, Format Version 12.00
# Visual Studio Version 17
VisualStudioVersion = 17.11.35327.3
MinimumVisualStudioVersion = 10.0.40219.1
Project("{FAE04EC0-301F-11D3-BF4B-00C04F79EFBC}") = "PSY_DB", "PSY_DB\PSY_DB.csproj", "{2E3B9641-E897-4F85-9B0F-E2D82F9DBA77}"
EndProject
Project("{FAE04EC0-301F-11D3-BF4B-00C04F79EFBC}") = "GameApi", "GameApi\GameApi.csproj", "{2EFA56B6-5D22-40F9-93A8-0381C1831A2A}"
EndProject
Global
	GlobalSection(SolutionConfigurationPlatforms) = preSolution
		Debug|Any CPU = Debug|Any CPU
		Release|Any CPU = Release|Any CPU
	EndGlobalSection
	GlobalSection(ProjectConfigurationPlatforms) = postSolution
		{2E3B9641-E897-4F85-9B0F-E2D82F9DBA77}.Debug|Any CPU.ActiveCfg = Debug|Any CPU
		{2E3B9641-E897-4F85-9B0F-E2D82F9DBA77}.Debug|Any CPU.Build.0 = Debug|Any CPU
		{2E3B9641-E897-4F85-9B0F-E2D82F9DBA77}.Release|Any CPU.ActiveCfg = Release|Any CPU
		{2E3B9641-E897-4F85-9B0F-E2D82F9DBA77}.Release|Any CPU.Build.0 = Release|Any CPU
		{2EFA56B6-5D22-40F9-93A8-0381C1831A2A}.Debug|Any CPU.ActiveCfg = Debug|Any CPU
		{2EFA56B6-5D22-40F9-93A8-0381C1831A2A}.Debug|Any CPU.Build.0 = Debug|Any CPU
		{2EFA56B6-5D22-40F9-93A8-0381C1831A2A}.Release|Any CPU.ActiveCfg = Release|Any CPU
		{2EFA56B6-5D22-40F9-93A8-0381C1831A2A}.Release|Any CPU.Build.0 = Release|Any CPU
	EndGlobalSection
	GlobalSection(SolutionProperties) = preSolution
		HideSolutionNode = FALSE
	EndGlobalSection
	GlobalSection(ExtensibilityGlobals) = postSolution
		SolutionGuid = {342A078A-89B6-43BF-9A69-5D0DC3A172E0}
	EndGlobalSection
EndGlobal
